
Microsoft Visual Studio Solution File, Format Version 12.00
# Visual Studio Version 17
VisualStudioVersion = 17.9.34728.123
MinimumVisualStudioVersion = 10.0.40219.1
Project("{9A19103F-16F7-4668-BE54-9A1E7A4F7556}") = "BookStoreApi", "BookStoreApi.csproj", "{DC1CDDC6-C69E-4BAB-A3EB-77446BCA3DE7}"
EndProject
Global
	GlobalSection(SolutionConfigurationPlatforms) = preSolution
		Debug|Any CPU = Debug|Any CPU
		Release|Any CPU = Release|Any CPU
	EndGlobalSection
	GlobalSection(ProjectConfigurationPlatforms) = postSolution
		{DC1CDDC6-C69E-4BAB-A3EB-77446BCA3DE7}.Debug|Any CPU.ActiveCfg = Debug|Any CPU
		{DC1CDDC6-C69E-4BAB-A3EB-77446BCA3DE7}.Debug|Any CPU.Build.0 = Debug|Any CPU
		{DC1CDDC6-C69E-4BAB-A3EB-77446BCA3DE7}.Release|Any CPU.ActiveCfg = Release|Any CPU
		{DC1CDDC6-C69E-4BAB-A3EB-77446BCA3DE7}.Release|Any CPU.Build.0 = Release|Any CPU
	EndGlobalSection
	GlobalSection(SolutionProperties) = preSolution
		HideSolutionNode = FALSE
	EndGlobalSection
	GlobalSection(ExtensibilityGlobals) = postSolution
		SolutionGuid = {27F18BED-F317-405D-B329-7814CE964D6C}
	EndGlobalSection
EndGlobal
